
Microsoft Visual Studio Solution File, Format Version 12.00
# Visual Studio 15
VisualStudioVersion = 15.0.27703.2035
MinimumVisualStudioVersion = 10.0.40219.1
Project("{9A19103F-16F7-4668-BE54-9A1E7A4F7556}") = "8bit-emulator", "8bit-emulator\8bit-emulator.csproj", "{022C742C-61BE-4BB9-97E7-EAA71D32B2D1}"
EndProject
Global
	GlobalSection(SolutionConfigurationPlatforms) = preSolution
		Debug|Any CPU = Debug|Any CPU
		Release|Any CPU = Release|Any CPU
	EndGlobalSection
	GlobalSection(ProjectConfigurationPlatforms) = postSolution
		{022C742C-61BE-4BB9-97E7-EAA71D32B2D1}.Debug|Any CPU.ActiveCfg = Debug|Any CPU
		{022C742C-61BE-4BB9-97E7-EAA71D32B2D1}.Debug|Any CPU.Build.0 = Debug|Any CPU
		{022C742C-61BE-4BB9-97E7-EAA71D32B2D1}.Release|Any CPU.ActiveCfg = Release|Any CPU
		{022C742C-61BE-4BB9-97E7-EAA71D32B2D1}.Release|Any CPU.Build.0 = Release|Any CPU
	EndGlobalSection
	GlobalSection(SolutionProperties) = preSolution
		HideSolutionNode = FALSE
	EndGlobalSection
	GlobalSection(ExtensibilityGlobals) = postSolution
		SolutionGuid = {FA48844A-920C-41EA-91E4-1D33A32583B0}
	EndGlobalSection
EndGlobal
